{
  "name": "panchang",
  "version": "1.0.0",
  "lockfileVersion": 3,
  "requires": true,
  "packages": {
    "": {
      "name": "panchang",
      "version": "1.0.0",
      "license": "ISC",
      "dependencies": {
        "panchang-ts": "^4.3.1"
      }
    },
    "node_modules/astronomy-engine": {
      "version": "2.1.19",
      "resolved": "https://registry.npmjs.org/astronomy-engine/-/astronomy-engine-2.1.19.tgz",
      "integrity": "sha512-8yWKNf7UeNbH458h3sAJ6ZgAjE5jTXp/mNNRFoC20j2SHwZIjAQeEsBB2Q3uCFRaTCCJRv33K2XhkhZQMXoX6w==",
      "license": "MIT"
    },
    "node_modules/panchang-ts": {
      "version": "4.3.1",
      "resolved": "https://registry.npmjs.org/panchang-ts/-/panchang-ts-4.3.1.tgz",
      "integrity": "sha512-wmNY+syqmTEwuX7AqcFOOoSS2Z/X3+rIGseSVtPSB06O/Kx7QYVI4C2b+cYp5ZVan3SWby7vKk7eHsNNLKA79A==",
      "license": "MIT",
      "dependencies": {
        "astronomy-engine": "^2.1.19"
      },
      "engines": {
        "node": ">=18"
      }
    }
  }
}
